
Microsoft Visual Studio Solution File, Format Version 12.00
# Visual Studio Version 17
VisualStudioVersion = 17.0.31903.59
MinimumVisualStudioVersion = 10.0.40219.1
Project("{2150E333-8FDC-42A3-9474-1A3956D46DE8}") = "ShopManagement", "ShopManagement", "{D453DE77-707F-4EC3-879E-C377C40E9C32}"
EndProject
Project("{2150E333-8FDC-42A3-9474-1A3956D46DE8}") = "SM.Domain", "SM.Domain", "{3C8A7CAA-4F11-4440-AF5E-583A723F44DA}"
EndProject
Project("{9A19103F-16F7-4668-BE54-9A1E7A4F7556}") = "ShopManagement.Domain", "ShopManagement.Domain\ShopManagement.Domain.csproj", "{C0D1331E-EFFB-4584-BCC9-B3B401113340}"
EndProject
Project("{9A19103F-16F7-4668-BE54-9A1E7A4F7556}") = "0_Framework", "0_Framework\0_Framework.csproj", "{2B50AB0E-D7C0-47E2-B135-D5F496AAAC9F}"
EndProject
Project("{2150E333-8FDC-42A3-9474-1A3956D46DE8}") = "SM.Application", "SM.Application", "{25887A14-BD9D-4DA5-B181-173B25F556B5}"
EndProject
Project("{9A19103F-16F7-4668-BE54-9A1E7A4F7556}") = "ShopManagement.Application.Contracts", "ShopManagement.Application.Contracts\ShopManagement.Application.Contracts.csproj", "{8683AE91-1F2C-4F79-8E71-1650E3A778F4}"
EndProject
Project("{9A19103F-16F7-4668-BE54-9A1E7A4F7556}") = "ShopManagement.Application", "ShopManagement.Application\ShopManagement.Application.csproj", "{99F6A8E6-F587-442F-AD30-26A642BAEFEC}"
EndProject
Project("{2150E333-8FDC-42A3-9474-1A3956D46DE8}") = "SM.Infrastructure", "SM.Infrastructure", "{2218503B-6B43-449C-A1E9-F0B8B026B204}"
EndProject
Project("{9A19103F-16F7-4668-BE54-9A1E7A4F7556}") = "ShopManagement.Infrastructure.EFCore", "ShopManagement.Infrastructure.EFCore\ShopManagement.Infrastructure.EFCore.csproj", "{5BA8138D-605B-4F58-A6E0-2AD8789400C0}"
EndProject
Project("{9A19103F-16F7-4668-BE54-9A1E7A4F7556}") = "ShopManagement.Configuration", "ShopManagement.Configuration\ShopManagement.Configuration.csproj", "{49F0F7CB-F933-4136-B00C-6A8DF7605486}"
EndProject
Project("{9A19103F-16F7-4668-BE54-9A1E7A4F7556}") = "ServiceHost", "ServiceHost\ServiceHost.csproj", "{2AF1C280-4FA3-46A2-A7E3-7F265E699CAF}"
EndProject
Project("{9A19103F-16F7-4668-BE54-9A1E7A4F7556}") = "01_LampshadeQuery", "01_LampshadeQuery\01_LampshadeQuery.csproj", "{A9E58C24-2F34-4C01-85EB-7D8EEEE89A6D}"
EndProject
Project("{2150E333-8FDC-42A3-9474-1A3956D46DE8}") = "DiscountManagement", "DiscountManagement", "{2A2BAF10-B2B0-4B10-9D84-5C164C55ECCC}"
EndProject
Project("{2150E333-8FDC-42A3-9474-1A3956D46DE8}") = "DM.Domain", "DM.Domain", "{49012C5C-F1F9-4BDE-8914-6013DB43E826}"
EndProject
Project("{2150E333-8FDC-42A3-9474-1A3956D46DE8}") = "DM.Infrastracture", "DM.Infrastracture", "{52BDAD10-F84E-4D5D-B693-17A6C41A12B2}"
EndProject
Project("{2150E333-8FDC-42A3-9474-1A3956D46DE8}") = "DM.Application", "DM.Application", "{D8389836-5CC9-445A-ABA5-F1F364735CCE}"
EndProject
Project("{9A19103F-16F7-4668-BE54-9A1E7A4F7556}") = "DiscountManagement.Application", "DiscountManagement.Application\DiscountManagement.Application.csproj", "{E99BA51A-D278-4B39-AD31-6217D03B62D6}"
EndProject
Project("{9A19103F-16F7-4668-BE54-9A1E7A4F7556}") = "DiscountManagement.Application.Contracts", "DiscountManagement.Application.Contracts\DiscountManagement.Application.Contracts.csproj", "{B445DDC0-50A6-4C9A-AD06-78A3C2373837}"
EndProject
Project("{9A19103F-16F7-4668-BE54-9A1E7A4F7556}") = "DiscountManagement.Domain", "DiscountManagement.Domain\DiscountManagement.Domain.csproj", "{24D77818-DBCE-482F-A8F6-12630B1AB28C}"
EndProject
Project("{9A19103F-16F7-4668-BE54-9A1E7A4F7556}") = "DiscountManagement.Infrastructure.EFCore", "DiscountManagement.Infrastructure.EFCore\DiscountManagement.Infrastructure.EFCore.csproj", "{651803FC-D6B1-4842-A442-85981174392A}"
EndProject
Project("{9A19103F-16F7-4668-BE54-9A1E7A4F7556}") = "DiscountManagement.Configuration", "DiscountManagement.Configuration\DiscountManagement.Configuration.csproj", "{B7CFFDA4-518B-4D37-9676-EA29169B74A0}"
EndProject
Project("{2150E333-8FDC-42A3-9474-1A3956D46DE8}") = "InventoryManagement", "InventoryManagement", "{1014E9A4-2489-47B0-A5EF-96653D2AF88C}"
EndProject
Project("{2150E333-8FDC-42A3-9474-1A3956D46DE8}") = "IM.Domain", "IM.Domain", "{DE9F48A1-184A-4571-A6A9-2C8FAB8404EF}"
EndProject
Project("{2150E333-8FDC-42A3-9474-1A3956D46DE8}") = "IM.Application", "IM.Application", "{93099C56-1A5F-4B9C-A2AE-7C15BAB85AB0}"
EndProject
Project("{2150E333-8FDC-42A3-9474-1A3956D46DE8}") = "IM.Infrastracture", "IM.Infrastracture", "{4CE3644C-F1B0-4A64-A6BB-EC19781B6D0B}"
EndProject
Project("{9A19103F-16F7-4668-BE54-9A1E7A4F7556}") = "InventoryManagement.Application.Contracts", "InventoryManagement.Application.Contracts\InventoryManagement.Application.Contracts.csproj", "{6D855988-6015-40E2-8F7F-125D6BDC9F7A}"
EndProject
Project("{9A19103F-16F7-4668-BE54-9A1E7A4F7556}") = "InventoryManagement.Application", "InventoryManagement.Application\InventoryManagement.Application.csproj", "{70219018-8763-44CA-B982-970DC5ADDDA7}"
EndProject
Project("{9A19103F-16F7-4668-BE54-9A1E7A4F7556}") = "InventoryManagement.Domain", "InventoryManagement.Domain\InventoryManagement.Domain.csproj", "{A7F0EF53-E87D-447B-A9AB-DA83F36D21CD}"
EndProject
Project("{9A19103F-16F7-4668-BE54-9A1E7A4F7556}") = "InventoryManagement.Configuration", "InventoryManagement.Configuration\InventoryManagement.Configuration.csproj", "{641E1D8E-D296-4FF7-9DEA-9DC24E65DF9F}"
EndProject
Project("{9A19103F-16F7-4668-BE54-9A1E7A4F7556}") = "InventoryManagement.Infrastracture.EFCore", "InventoryManagement.Infrastracture.EFCore\InventoryManagement.Infrastracture.EFCore.csproj", "{428A4836-D735-4842-B616-AC2D52051E7F}"
EndProject
Project("{2150E333-8FDC-42A3-9474-1A3956D46DE8}") = "BlogManagement", "BlogManagement", "{321F08AB-3482-41FE-863F-9369A24F5AA4}"
EndProject
Project("{2150E333-8FDC-42A3-9474-1A3956D46DE8}") = "BM.Application", "BM.Application", "{660DF07B-7963-46D8-B179-2A476A0AE8F2}"
EndProject
Project("{2150E333-8FDC-42A3-9474-1A3956D46DE8}") = "BM.Infrastracture", "BM.Infrastracture", "{6E18A15B-256A-4D7F-A041-682146D8BCDD}"
EndProject
Project("{2150E333-8FDC-42A3-9474-1A3956D46DE8}") = "BM.Domain", "BM.Domain", "{AE6A3AC0-38B8-4AE2-91D9-430317D3DD00}"
EndProject
Project("{9A19103F-16F7-4668-BE54-9A1E7A4F7556}") = "BlogManagement.Application.Contracts", "BlogManagement.Application.Contracts\BlogManagement.Application.Contracts.csproj", "{AE2AC296-EA19-4C04-8FCE-C980E381FD8B}"
EndProject
Project("{9A19103F-16F7-4668-BE54-9A1E7A4F7556}") = "BlogManagement.Application", "BlogManagement.Application\BlogManagement.Application.csproj", "{C0036524-9CB7-4BD2-A3A4-368CDF4BD36F}"
EndProject
Project("{9A19103F-16F7-4668-BE54-9A1E7A4F7556}") = "BlogManagement.Domain", "BlogManagement.Domain\BlogManagement.Domain.csproj", "{CE8F6B28-0BDF-492D-BCFA-985806943A48}"
EndProject
Project("{9A19103F-16F7-4668-BE54-9A1E7A4F7556}") = "BlogManagement.Infrastracture.EFCore", "BlogManagement.Infrastracture.EFCore\BlogManagement.Infrastracture.EFCore.csproj", "{9A07CEB1-E654-4527-8C1A-9A963ABEFBB5}"
EndProject
Project("{9A19103F-16F7-4668-BE54-9A1E7A4F7556}") = "BlogManagement.Configuration", "BlogManagement.Configuration\BlogManagement.Configuration.csproj", "{02C5781E-8205-4202-984A-C949D742D7AE}"
EndProject
Global
	GlobalSection(SolutionConfigurationPlatforms) = preSolution
		Debug|Any CPU = Debug|Any CPU
		Release|Any CPU = Release|Any CPU
	EndGlobalSection
	GlobalSection(ProjectConfigurationPlatforms) = postSolution
		{C0D1331E-EFFB-4584-BCC9-B3B401113340}.Debug|Any CPU.ActiveCfg = Debug|Any CPU
		{C0D1331E-EFFB-4584-BCC9-B3B401113340}.Debug|Any CPU.Build.0 = Debug|Any CPU
		{C0D1331E-EFFB-4584-BCC9-B3B401113340}.Release|Any CPU.ActiveCfg = Release|Any CPU
		{C0D1331E-EFFB-4584-BCC9-B3B401113340}.Release|Any CPU.Build.0 = Release|Any CPU
		{2B50AB0E-D7C0-47E2-B135-D5F496AAAC9F}.Debug|Any CPU.ActiveCfg = Debug|Any CPU
		{2B50AB0E-D7C0-47E2-B135-D5F496AAAC9F}.Debug|Any CPU.Build.0 = Debug|Any CPU
		{2B50AB0E-D7C0-47E2-B135-D5F496AAAC9F}.Release|Any CPU.ActiveCfg = Release|Any CPU
		{2B50AB0E-D7C0-47E2-B135-D5F496AAAC9F}.Release|Any CPU.Build.0 = Release|Any CPU
		{8683AE91-1F2C-4F79-8E71-1650E3A778F4}.Debug|Any CPU.ActiveCfg = Debug|Any CPU
		{8683AE91-1F2C-4F79-8E71-1650E3A778F4}.Debug|Any CPU.Build.0 = Debug|Any CPU
		{8683AE91-1F2C-4F79-8E71-1650E3A778F4}.Release|Any CPU.ActiveCfg = Release|Any CPU
		{8683AE91-1F2C-4F79-8E71-1650E3A778F4}.Release|Any CPU.Build.0 = Release|Any CPU
		{99F6A8E6-F587-442F-AD30-26A642BAEFEC}.Debug|Any CPU.ActiveCfg = Debug|Any CPU
		{99F6A8E6-F587-442F-AD30-26A642BAEFEC}.Debug|Any CPU.Build.0 = Debug|Any CPU
		{99F6A8E6-F587-442F-AD30-26A642BAEFEC}.Release|Any CPU.ActiveCfg = Release|Any CPU
		{99F6A8E6-F587-442F-AD30-26A642BAEFEC}.Release|Any CPU.Build.0 = Release|Any CPU
		{5BA8138D-605B-4F58-A6E0-2AD8789400C0}.Debug|Any CPU.ActiveCfg = Debug|Any CPU
		{5BA8138D-605B-4F58-A6E0-2AD8789400C0}.Debug|Any CPU.Build.0 = Debug|Any CPU
		{5BA8138D-605B-4F58-A6E0-2AD8789400C0}.Release|Any CPU.ActiveCfg = Release|Any CPU
		{5BA8138D-605B-4F58-A6E0-2AD8789400C0}.Release|Any CPU.Build.0 = Release|Any CPU
		{49F0F7CB-F933-4136-B00C-6A8DF7605486}.Debug|Any CPU.ActiveCfg = Debug|Any CPU
		{49F0F7CB-F933-4136-B00C-6A8DF7605486}.Debug|Any CPU.Build.0 = Debug|Any CPU
		{49F0F7CB-F933-4136-B00C-6A8DF7605486}.Release|Any CPU.ActiveCfg = Release|Any CPU
		{49F0F7CB-F933-4136-B00C-6A8DF7605486}.Release|Any CPU.Build.0 = Release|Any CPU
		{2AF1C280-4FA3-46A2-A7E3-7F265E699CAF}.Debug|Any CPU.ActiveCfg = Debug|Any CPU
		{2AF1C280-4FA3-46A2-A7E3-7F265E699CAF}.Debug|Any CPU.Build.0 = Debug|Any CPU
		{2AF1C280-4FA3-46A2-A7E3-7F265E699CAF}.Release|Any CPU.ActiveCfg = Release|Any CPU
		{2AF1C280-4FA3-46A2-A7E3-7F265E699CAF}.Release|Any CPU.Build.0 = Release|Any CPU
		{A9E58C24-2F34-4C01-85EB-7D8EEEE89A6D}.Debug|Any CPU.ActiveCfg = Debug|Any CPU
		{A9E58C24-2F34-4C01-85EB-7D8EEEE89A6D}.Debug|Any CPU.Build.0 = Debug|Any CPU
		{A9E58C24-2F34-4C01-85EB-7D8EEEE89A6D}.Release|Any CPU.ActiveCfg = Release|Any CPU
		{A9E58C24-2F34-4C01-85EB-7D8EEEE89A6D}.Release|Any CPU.Build.0 = Release|Any CPU
		{E99BA51A-D278-4B39-AD31-6217D03B62D6}.Debug|Any CPU.ActiveCfg = Debug|Any CPU
		{E99BA51A-D278-4B39-AD31-6217D03B62D6}.Debug|Any CPU.Build.0 = Debug|Any CPU
		{E99BA51A-D278-4B39-AD31-6217D03B62D6}.Release|Any CPU.ActiveCfg = Release|Any CPU
		{E99BA51A-D278-4B39-AD31-6217D03B62D6}.Release|Any CPU.Build.0 = Release|Any CPU
		{B445DDC0-50A6-4C9A-AD06-78A3C2373837}.Debug|Any CPU.ActiveCfg = Debug|Any CPU
		{B445DDC0-50A6-4C9A-AD06-78A3C2373837}.Debug|Any CPU.Build.0 = Debug|Any CPU
		{B445DDC0-50A6-4C9A-AD06-78A3C2373837}.Release|Any CPU.ActiveCfg = Release|Any CPU
		{B445DDC0-50A6-4C9A-AD06-78A3C2373837}.Release|Any CPU.Build.0 = Release|Any CPU
		{24D77818-DBCE-482F-A8F6-12630B1AB28C}.Debug|Any CPU.ActiveCfg = Debug|Any CPU
		{24D77818-DBCE-482F-A8F6-12630B1AB28C}.Debug|Any CPU.Build.0 = Debug|Any CPU
		{24D77818-DBCE-482F-A8F6-12630B1AB28C}.Release|Any CPU.ActiveCfg = Release|Any CPU
		{24D77818-DBCE-482F-A8F6-12630B1AB28C}.Release|Any CPU.Build.0 = Release|Any CPU
		{651803FC-D6B1-4842-A442-85981174392A}.Debug|Any CPU.ActiveCfg = Debug|Any CPU
		{651803FC-D6B1-4842-A442-85981174392A}.Debug|Any CPU.Build.0 = Debug|Any CPU
		{651803FC-D6B1-4842-A442-85981174392A}.Release|Any CPU.ActiveCfg = Release|Any CPU
		{651803FC-D6B1-4842-A442-85981174392A}.Release|Any CPU.Build.0 = Release|Any CPU
		{B7CFFDA4-518B-4D37-9676-EA29169B74A0}.Debug|Any CPU.ActiveCfg = Debug|Any CPU
		{B7CFFDA4-518B-4D37-9676-EA29169B74A0}.Debug|Any CPU.Build.0 = Debug|Any CPU
		{B7CFFDA4-518B-4D37-9676-EA29169B74A0}.Release|Any CPU.ActiveCfg = Release|Any CPU
		{B7CFFDA4-518B-4D37-9676-EA29169B74A0}.Release|Any CPU.Build.0 = Release|Any CPU
		{6D855988-6015-40E2-8F7F-125D6BDC9F7A}.Debug|Any CPU.ActiveCfg = Debug|Any CPU
		{6D855988-6015-40E2-8F7F-125D6BDC9F7A}.Debug|Any CPU.Build.0 = Debug|Any CPU
		{6D855988-6015-40E2-8F7F-125D6BDC9F7A}.Release|Any CPU.ActiveCfg = Release|Any CPU
		{6D855988-6015-40E2-8F7F-125D6BDC9F7A}.Release|Any CPU.Build.0 = Release|Any CPU
		{70219018-8763-44CA-B982-970DC5ADDDA7}.Debug|Any CPU.ActiveCfg = Debug|Any CPU
		{70219018-8763-44CA-B982-970DC5ADDDA7}.Debug|Any CPU.Build.0 = Debug|Any CPU
		{70219018-8763-44CA-B982-970DC5ADDDA7}.Release|Any CPU.ActiveCfg = Release|Any CPU
		{70219018-8763-44CA-B982-970DC5ADDDA7}.Release|Any CPU.Build.0 = Release|Any CPU
		{A7F0EF53-E87D-447B-A9AB-DA83F36D21CD}.Debug|Any CPU.ActiveCfg = Debug|Any CPU
		{A7F0EF53-E87D-447B-A9AB-DA83F36D21CD}.Debug|Any CPU.Build.0 = Debug|Any CPU
		{A7F0EF53-E87D-447B-A9AB-DA83F36D21CD}.Release|Any CPU.ActiveCfg = Release|Any CPU
		{A7F0EF53-E87D-447B-A9AB-DA83F36D21CD}.Release|Any CPU.Build.0 = Release|Any CPU
		{641E1D8E-D296-4FF7-9DEA-9DC24E65DF9F}.Debug|Any CPU.ActiveCfg = Debug|Any CPU
		{641E1D8E-D296-4FF7-9DEA-9DC24E65DF9F}.Debug|Any CPU.Build.0 = Debug|Any CPU
		{641E1D8E-D296-4FF7-9DEA-9DC24E65DF9F}.Release|Any CPU.ActiveCfg = Release|Any CPU
		{641E1D8E-D296-4FF7-9DEA-9DC24E65DF9F}.Release|Any CPU.Build.0 = Release|Any CPU
		{428A4836-D735-4842-B616-AC2D52051E7F}.Debug|Any CPU.ActiveCfg = Debug|Any CPU
		{428A4836-D735-4842-B616-AC2D52051E7F}.Debug|Any CPU.Build.0 = Debug|Any CPU
		{428A4836-D735-4842-B616-AC2D52051E7F}.Release|Any CPU.ActiveCfg = Release|Any CPU
		{428A4836-D735-4842-B616-AC2D52051E7F}.Release|Any CPU.Build.0 = Release|Any CPU
		{AE2AC296-EA19-4C04-8FCE-C980E381FD8B}.Debug|Any CPU.ActiveCfg = Debug|Any CPU
		{AE2AC296-EA19-4C04-8FCE-C980E381FD8B}.Debug|Any CPU.Build.0 = Debug|Any CPU
		{AE2AC296-EA19-4C04-8FCE-C980E381FD8B}.Release|Any CPU.ActiveCfg = Release|Any CPU
		{AE2AC296-EA19-4C04-8FCE-C980E381FD8B}.Release|Any CPU.Build.0 = Release|Any CPU
		{C0036524-9CB7-4BD2-A3A4-368CDF4BD36F}.Debug|Any CPU.ActiveCfg = Debug|Any CPU
		{C0036524-9CB7-4BD2-A3A4-368CDF4BD36F}.Debug|Any CPU.Build.0 = Debug|Any CPU
		{C0036524-9CB7-4BD2-A3A4-368CDF4BD36F}.Release|Any CPU.ActiveCfg = Release|Any CPU
		{C0036524-9CB7-4BD2-A3A4-368CDF4BD36F}.Release|Any CPU.Build.0 = Release|Any CPU
		{CE8F6B28-0BDF-492D-BCFA-985806943A48}.Debug|Any CPU.ActiveCfg = Debug|Any CPU
		{CE8F6B28-0BDF-492D-BCFA-985806943A48}.Debug|Any CPU.Build.0 = Debug|Any CPU
		{CE8F6B28-0BDF-492D-BCFA-985806943A48}.Release|Any CPU.ActiveCfg = Release|Any CPU
		{CE8F6B28-0BDF-492D-BCFA-985806943A48}.Release|Any CPU.Build.0 = Release|Any CPU
		{9A07CEB1-E654-4527-8C1A-9A963ABEFBB5}.Debug|Any CPU.ActiveCfg = Debug|Any CPU
		{9A07CEB1-E654-4527-8C1A-9A963ABEFBB5}.Debug|Any CPU.Build.0 = Debug|Any CPU
		{9A07CEB1-E654-4527-8C1A-9A963ABEFBB5}.Release|Any CPU.ActiveCfg = Release|Any CPU
		{9A07CEB1-E654-4527-8C1A-9A963ABEFBB5}.Release|Any CPU.Build.0 = Release|Any CPU
		{02C5781E-8205-4202-984A-C949D742D7AE}.Debug|Any CPU.ActiveCfg = Debug|Any CPU
		{02C5781E-8205-4202-984A-C949D742D7AE}.Debug|Any CPU.Build.0 = Debug|Any CPU
		{02C5781E-8205-4202-984A-C949D742D7AE}.Release|Any CPU.ActiveCfg = Release|Any CPU
		{02C5781E-8205-4202-984A-C949D742D7AE}.Release|Any CPU.Build.0 = Release|Any CPU
	EndGlobalSection
	GlobalSection(SolutionProperties) = preSolution
		HideSolutionNode = FALSE
	EndGlobalSection
	GlobalSection(NestedProjects) = preSolution
		{3C8A7CAA-4F11-4440-AF5E-583A723F44DA} = {D453DE77-707F-4EC3-879E-C377C40E9C32}
		{C0D1331E-EFFB-4584-BCC9-B3B401113340} = {3C8A7CAA-4F11-4440-AF5E-583A723F44DA}
		{25887A14-BD9D-4DA5-B181-173B25F556B5} = {D453DE77-707F-4EC3-879E-C377C40E9C32}
		{8683AE91-1F2C-4F79-8E71-1650E3A778F4} = {25887A14-BD9D-4DA5-B181-173B25F556B5}
		{99F6A8E6-F587-442F-AD30-26A642BAEFEC} = {25887A14-BD9D-4DA5-B181-173B25F556B5}
		{2218503B-6B43-449C-A1E9-F0B8B026B204} = {D453DE77-707F-4EC3-879E-C377C40E9C32}
		{5BA8138D-605B-4F58-A6E0-2AD8789400C0} = {2218503B-6B43-449C-A1E9-F0B8B026B204}
		{49F0F7CB-F933-4136-B00C-6A8DF7605486} = {2218503B-6B43-449C-A1E9-F0B8B026B204}
		{49012C5C-F1F9-4BDE-8914-6013DB43E826} = {2A2BAF10-B2B0-4B10-9D84-5C164C55ECCC}
		{52BDAD10-F84E-4D5D-B693-17A6C41A12B2} = {2A2BAF10-B2B0-4B10-9D84-5C164C55ECCC}
		{D8389836-5CC9-445A-ABA5-F1F364735CCE} = {2A2BAF10-B2B0-4B10-9D84-5C164C55ECCC}
		{E99BA51A-D278-4B39-AD31-6217D03B62D6} = {D8389836-5CC9-445A-ABA5-F1F364735CCE}
		{B445DDC0-50A6-4C9A-AD06-78A3C2373837} = {D8389836-5CC9-445A-ABA5-F1F364735CCE}
		{24D77818-DBCE-482F-A8F6-12630B1AB28C} = {49012C5C-F1F9-4BDE-8914-6013DB43E826}
		{651803FC-D6B1-4842-A442-85981174392A} = {52BDAD10-F84E-4D5D-B693-17A6C41A12B2}
		{B7CFFDA4-518B-4D37-9676-EA29169B74A0} = {52BDAD10-F84E-4D5D-B693-17A6C41A12B2}
		{DE9F48A1-184A-4571-A6A9-2C8FAB8404EF} = {1014E9A4-2489-47B0-A5EF-96653D2AF88C}
		{93099C56-1A5F-4B9C-A2AE-7C15BAB85AB0} = {1014E9A4-2489-47B0-A5EF-96653D2AF88C}
		{4CE3644C-F1B0-4A64-A6BB-EC19781B6D0B} = {1014E9A4-2489-47B0-A5EF-96653D2AF88C}
		{6D855988-6015-40E2-8F7F-125D6BDC9F7A} = {93099C56-1A5F-4B9C-A2AE-7C15BAB85AB0}
		{70219018-8763-44CA-B982-970DC5ADDDA7} = {93099C56-1A5F-4B9C-A2AE-7C15BAB85AB0}
		{A7F0EF53-E87D-447B-A9AB-DA83F36D21CD} = {DE9F48A1-184A-4571-A6A9-2C8FAB8404EF}
		{641E1D8E-D296-4FF7-9DEA-9DC24E65DF9F} = {4CE3644C-F1B0-4A64-A6BB-EC19781B6D0B}
		{428A4836-D735-4842-B616-AC2D52051E7F} = {4CE3644C-F1B0-4A64-A6BB-EC19781B6D0B}
		{660DF07B-7963-46D8-B179-2A476A0AE8F2} = {321F08AB-3482-41FE-863F-9369A24F5AA4}
		{6E18A15B-256A-4D7F-A041-682146D8BCDD} = {321F08AB-3482-41FE-863F-9369A24F5AA4}
		{AE6A3AC0-38B8-4AE2-91D9-430317D3DD00} = {321F08AB-3482-41FE-863F-9369A24F5AA4}
		{AE2AC296-EA19-4C04-8FCE-C980E381FD8B} = {660DF07B-7963-46D8-B179-2A476A0AE8F2}
		{C0036524-9CB7-4BD2-A3A4-368CDF4BD36F} = {660DF07B-7963-46D8-B179-2A476A0AE8F2}
		{CE8F6B28-0BDF-492D-BCFA-985806943A48} = {AE6A3AC0-38B8-4AE2-91D9-430317D3DD00}
		{9A07CEB1-E654-4527-8C1A-9A963ABEFBB5} = {6E18A15B-256A-4D7F-A041-682146D8BCDD}
		{02C5781E-8205-4202-984A-C949D742D7AE} = {6E18A15B-256A-4D7F-A041-682146D8BCDD}
	EndGlobalSection
	GlobalSection(ExtensibilityGlobals) = postSolution
		SolutionGuid = {F7B6A862-05D5-415D-9DA7-6F649100D710}
	EndGlobalSection
EndGlobal
